
Microsoft Visual Studio Solution File, Format Version 12.00
# Visual Studio Version 17
VisualStudioVersion = 17.11.35222.181
MinimumVisualStudioVersion = 10.0.40219.1
Project("{FAE04EC0-301F-11D3-BF4B-00C04F79EFBC}") = "TestManagement.Api", "TestManagement.Api\TestManagement.Api.csproj", "{09341285-30B2-4C14-9B35-C127E208D30B}"
EndProject
Project("{FAE04EC0-301F-11D3-BF4B-00C04F79EFBC}") = "TestManagement.Models", "TestManagement.Models\TestManagement.Models.csproj", "{5E605037-8B44-4161-9CE5-45AE365882F3}"
EndProject
Global
	GlobalSection(SolutionConfigurationPlatforms) = preSolution
		Debug|Any CPU = Debug|Any CPU
		Release|Any CPU = Release|Any CPU
	EndGlobalSection
	GlobalSection(ProjectConfigurationPlatforms) = postSolution
		{09341285-30B2-4C14-9B35-C127E208D30B}.Debug|Any CPU.ActiveCfg = Debug|Any CPU
		{09341285-30B2-4C14-9B35-C127E208D30B}.Debug|Any CPU.Build.0 = Debug|Any CPU
		{09341285-30B2-4C14-9B35-C127E208D30B}.Release|Any CPU.ActiveCfg = Release|Any CPU
		{09341285-30B2-4C14-9B35-C127E208D30B}.Release|Any CPU.Build.0 = Release|Any CPU
		{5E605037-8B44-4161-9CE5-45AE365882F3}.Debug|Any CPU.ActiveCfg = Debug|Any CPU
		{5E605037-8B44-4161-9CE5-45AE365882F3}.Debug|Any CPU.Build.0 = Debug|Any CPU
		{5E605037-8B44-4161-9CE5-45AE365882F3}.Release|Any CPU.ActiveCfg = Release|Any CPU
		{5E605037-8B44-4161-9CE5-45AE365882F3}.Release|Any CPU.Build.0 = Release|Any CPU
	EndGlobalSection
	GlobalSection(SolutionProperties) = preSolution
		HideSolutionNode = FALSE
	EndGlobalSection
	GlobalSection(ExtensibilityGlobals) = postSolution
		SolutionGuid = {C3382625-2E16-46ED-861F-FADDBC1E495D}
	EndGlobalSection
EndGlobal
